// !$*UTF8*$!
{
	archiveVersion = 1;
	classes = {
	};
	objectVersion = 46;
	objects = {

/* Begin PBXBuildFile section */
		562DBC9C66E9EDFDD5F0A7A0 /* Pods_HaxorNews.framework in Frameworks */ = {isa = PBXBuildFile; fileRef = FAE435791C1BA87D379D89F2 /* Pods_HaxorNews.framework */; };
		A404A1DF1DB86BC500D996B1 /* Extensions.swift in Sources */ = {isa = PBXBuildFile; fileRef = A404A1DE1DB86BC500D996B1 /* Extensions.swift */; };
		A434CA971DB7022D004633CA /* AppDelegate.swift in Sources */ = {isa = PBXBuildFile; fileRef = A434CA961DB7022D004633CA /* AppDelegate.swift */; };
		A434CA991DB7022D004633CA /* ViewController.swift in Sources */ = {isa = PBXBuildFile; fileRef = A434CA981DB7022D004633CA /* ViewController.swift */; };
		A434CA9C1DB7022E004633CA /* Main.storyboard in Resources */ = {isa = PBXBuildFile; fileRef = A434CA9A1DB7022E004633CA /* Main.storyboard */; };
		A434CA9F1DB7022E004633CA /* HaxorNews.xcdatamodeld in Sources */ = {isa = PBXBuildFile; fileRef = A434CA9D1DB7022E004633CA /* HaxorNews.xcdatamodeld */; };
		A434CAA11DB7022E004633CA /* Assets.xcassets in Resources */ = {isa = PBXBuildFile; fileRef = A434CAA01DB7022E004633CA /* Assets.xcassets */; };
		A434CAA41DB7022E004633CA /* LaunchScreen.storyboard in Resources */ = {isa = PBXBuildFile; fileRef = A434CAA21DB7022E004633CA /* LaunchScreen.storyboard */; };
		A434CACD1DB71E12004633CA /* MainTableViewController.swift in Sources */ = {isa = PBXBuildFile; fileRef = A434CACC1DB71E12004633CA /* MainTableViewController.swift */; };
		A434CAD11DB71EA8004633CA /* MainTableViewCell.swift in Sources */ = {isa = PBXBuildFile; fileRef = A434CAD01DB71EA8004633CA /* MainTableViewCell.swift */; };
		A434CAD41DB72278004633CA /* ItemData.swift in Sources */ = {isa = PBXBuildFile; fileRef = A434CAD31DB72278004633CA /* ItemData.swift */; };
		A434CAD61DB72319004633CA /* HNDataLoader.swift in Sources */ = {isa = PBXBuildFile; fileRef = A434CAD51DB72319004633CA /* HNDataLoader.swift */; };
		A434CAD81DB753D9004633CA /* CommentsViewController.swift in Sources */ = {isa = PBXBuildFile; fileRef = A434CAD71DB753D9004633CA /* CommentsViewController.swift */; };
		A434CADD1DB7F15F004633CA /* CommentsTableViewCell.swift in Sources */ = {isa = PBXBuildFile; fileRef = A434CADC1DB7F15F004633CA /* CommentsTableViewCell.swift */; };
		A434CADF1DB7FFEC004633CA /* Queue.swift in Sources */ = {isa = PBXBuildFile; fileRef = A434CADE1DB7FFEC004633CA /* Queue.swift */; };
/* End PBXBuildFile section */

/* Begin PBXFileReference section */
		A404A1DE1DB86BC500D996B1 /* Extensions.swift */ = {isa = PBXFileReference; fileEncoding = 4; lastKnownFileType = sourcecode.swift; path = Extensions.swift; sourceTree = "<group>"; };
		A434CA931DB7022D004633CA /* HaxorNews.app */ = {isa = PBXFileReference; explicitFileType = wrapper.application; includeInIndex = 0; path = HaxorNews.app; sourceTree = BUILT_PRODUCTS_DIR; };
		A434CA961DB7022D004633CA /* AppDelegate.swift */ = {isa = PBXFileReference; lastKnownFileType = sourcecode.swift; path = AppDelegate.swift; sourceTree = "<group>"; };
		A434CA981DB7022D004633CA /* ViewController.swift */ = {isa = PBXFileReference; lastKnownFileType = sourcecode.swift; path = ViewController.swift; sourceTree = "<group>"; };
		A434CA9B1DB7022E004633CA /* Base */ = {isa = PBXFileReference; lastKnownFileType = file.storyboard; name = Base; path = Base.lproj/Main.storyboard; sourceTree = "<group>"; };
		A434CA9E1DB7022E004633CA /* HaxorNews.xcdatamodel */ = {isa = PBXFileReference; lastKnownFileType = wrapper.xcdatamodel; path = HaxorNews.xcdatamodel; sourceTree = "<group>"; };
		A434CAA01DB7022E004633CA /* Assets.xcassets */ = {isa = PBXFileReference; lastKnownFileType = folder.assetcatalog; path = Assets.xcassets; sourceTree = "<group>"; };
		A434CAA31DB7022E004633CA /* Base */ = {isa = PBXFileReference; lastKnownFileType = file.storyboard; name = Base; path = Base.lproj/LaunchScreen.storyboard; sourceTree = "<group>"; };
		A434CAA51DB7022E004633CA /* Info.plist */ = {isa = PBXFileReference; lastKnownFileType = text.plist.xml; path = Info.plist; sourceTree = "<group>"; };
		A434CACC1DB71E12004633CA /* MainTableViewController.swift */ = {isa = PBXFileReference; fileEncoding = 4; lastKnownFileType = sourcecode.swift; path = MainTableViewController.swift; sourceTree = "<group>"; };
		A434CAD01DB71EA8004633CA /* MainTableViewCell.swift */ = {isa = PBXFileReference; fileEncoding = 4; lastKnownFileType = sourcecode.swift; path = MainTableViewCell.swift; sourceTree = "<group>"; };
		A434CAD31DB72278004633CA /* ItemData.swift */ = {isa = PBXFileReference; fileEncoding = 4; lastKnownFileType = sourcecode.swift; path = ItemData.swift; sourceTree = "<group>"; };
		A434CAD51DB72319004633CA /* HNDataLoader.swift */ = {isa = PBXFileReference; fileEncoding = 4; lastKnownFileType = sourcecode.swift; path = HNDataLoader.swift; sourceTree = "<group>"; };
		A434CAD71DB753D9004633CA /* CommentsViewController.swift */ = {isa = PBXFileReference; fileEncoding = 4; lastKnownFileType = sourcecode.swift; path = CommentsViewController.swift; sourceTree = "<group>"; };
		A434CADC1DB7F15F004633CA /* CommentsTableViewCell.swift */ = {isa = PBXFileReference; fileEncoding = 4; lastKnownFileType = sourcecode.swift; path = CommentsTableViewCell.swift; sourceTree = "<group>"; };
		A434CADE1DB7FFEC004633CA /* Queue.swift */ = {isa = PBXFileReference; fileEncoding = 4; lastKnownFileType = sourcecode.swift; path = Queue.swift; sourceTree = "<group>"; };
		B2DE79F6FA067FEA339CAD46 /* Pods-HaxorNews.debug.xcconfig */ = {isa = PBXFileReference; includeInIndex = 1; lastKnownFileType = text.xcconfig; name = "Pods-HaxorNews.debug.xcconfig"; path = "Pods/Target Support Files/Pods-HaxorNews/Pods-HaxorNews.debug.xcconfig"; sourceTree = "<group>"; };
		D019921BFB3C98C163A2D05E /* Pods-HaxorNews.release.xcconfig */ = {isa = PBXFileReference; includeInIndex = 1; lastKnownFileType = text.xcconfig; name = "Pods-HaxorNews.release.xcconfig"; path = "Pods/Target Support Files/Pods-HaxorNews/Pods-HaxorNews.release.xcconfig"; sourceTree = "<group>"; };
		FAE435791C1BA87D379D89F2 /* Pods_HaxorNews.framework */ = {isa = PBXFileReference; explicitFileType = wrapper.framework; includeInIndex = 0; path = Pods_HaxorNews.framework; sourceTree = BUILT_PRODUCTS_DIR; };
/* End PBXFileReference section */

/* Begin PBXFrameworksBuildPhase section */
		A434CA901DB7022D004633CA /* Frameworks */ = {
			isa = PBXFrameworksBuildPhase;
			buildActionMask = 2147483647;
			files = (
				562DBC9C66E9EDFDD5F0A7A0 /* Pods_HaxorNews.framework in Frameworks */,
			);
			runOnlyForDeploymentPostprocessing = 0;
		};
/* End PBXFrameworksBuildPhase section */

/* Begin PBXGroup section */
		3FF1A4D4BA8386D12157B695 /* Frameworks */ = {
			isa = PBXGroup;
			children = (
				FAE435791C1BA87D379D89F2 /* Pods_HaxorNews.framework */,
			);
			name = Frameworks;
			sourceTree = "<group>";
		};
		8D48DBBB07D75FA8A13B1A1B /* Pods */ = {
			isa = PBXGroup;
			children = (
				B2DE79F6FA067FEA339CAD46 /* Pods-HaxorNews.debug.xcconfig */,
				D019921BFB3C98C163A2D05E /* Pods-HaxorNews.release.xcconfig */,
			);
			name = Pods;
			sourceTree = "<group>";
		};
		A434CA8A1DB7022D004633CA = {
			isa = PBXGroup;
			children = (
				A434CA951DB7022D004633CA /* HaxorNews */,
				A434CA941DB7022D004633CA /* Products */,
				8D48DBBB07D75FA8A13B1A1B /* Pods */,
				3FF1A4D4BA8386D12157B695 /* Frameworks */,
			);
			sourceTree = "<group>";
		};
		A434CA941DB7022D004633CA /* Products */ = {
			isa = PBXGroup;
			children = (
				A434CA931DB7022D004633CA /* HaxorNews.app */,
			);
			name = Products;
			sourceTree = "<group>";
		};
		A434CA951DB7022D004633CA /* HaxorNews */ = {
			isa = PBXGroup;
			children = (
				A434CACE1DB71E85004633CA /* Source */,
				A434CA961DB7022D004633CA /* AppDelegate.swift */,
				A434CA981DB7022D004633CA /* ViewController.swift */,
				A434CA9A1DB7022E004633CA /* Main.storyboard */,
				A434CAA01DB7022E004633CA /* Assets.xcassets */,
				A434CAA21DB7022E004633CA /* LaunchScreen.storyboard */,
				A434CAA51DB7022E004633CA /* Info.plist */,
				A434CA9D1DB7022E004633CA /* HaxorNews.xcdatamodeld */,
			);
			path = HaxorNews;
			sourceTree = "<group>";
		};
		A434CACE1DB71E85004633CA /* Source */ = {
			isa = PBXGroup;
			children = (
				A434CADB1DB7F14A004633CA /* Cells */,
				A434CAD21DB7226D004633CA /* Data */,
				A434CACF1DB71E89004633CA /* View Controllers */,
				A404A1DE1DB86BC500D996B1 /* Extensions.swift */,
			);
			name = Source;
			sourceTree = "<group>";
		};
		A434CACF1DB71E89004633CA /* View Controllers */ = {
			isa = PBXGroup;
			children = (
				A434CACC1DB71E12004633CA /* MainTableViewController.swift */,
				A434CAD71DB753D9004633CA /* CommentsViewController.swift */,
			);
			name = "View Controllers";
			sourceTree = "<group>";
		};
		A434CAD21DB7226D004633CA /* Data */ = {
			isa = PBXGroup;
			children = (
				A434CAD31DB72278004633CA /* ItemData.swift */,
				A434CAD51DB72319004633CA /* HNDataLoader.swift */,
				A434CADE1DB7FFEC004633CA /* Queue.swift */,
			);
			name = Data;
			sourceTree = "<group>";
		};
		A434CADB1DB7F14A004633CA /* Cells */ = {
			isa = PBXGroup;
			children = (
				A434CAD01DB71EA8004633CA /* MainTableViewCell.swift */,
				A434CADC1DB7F15F004633CA /* CommentsTableViewCell.swift */,
			);
			name = Cells;
			sourceTree = "<group>";
		};
/* End PBXGroup section */

/* Begin PBXNativeTarget section */
		A434CA921DB7022D004633CA /* HaxorNews */ = {
			isa = PBXNativeTarget;
			buildConfigurationList = A434CAA81DB7022E004633CA /* Build configuration list for PBXNativeTarget "HaxorNews" */;
			buildPhases = (
				C63CBF9D7043901BF2A418E6 /* [CP] Check Pods Manifest.lock */,
				A434CA8F1DB7022D004633CA /* Sources */,
				A434CA901DB7022D004633CA /* Frameworks */,
				A434CA911DB7022D004633CA /* Resources */,
				5FB573370EDA85B54F0C4107 /* [CP] Embed Pods Frameworks */,
				5FAD4EC0D6D78B7604E08C15 /* [CP] Copy Pods Resources */,
			);
			buildRules = (
			);
			dependencies = (
			);
			name = HaxorNews;
			productName = HaxorNews;
			productReference = A434CA931DB7022D004633CA /* HaxorNews.app */;
			productType = "com.apple.product-type.application";
		};
/* End PBXNativeTarget section */

/* Begin PBXProject section */
		A434CA8B1DB7022D004633CA /* Project object */ = {
			isa = PBXProject;
			attributes = {
				LastSwiftUpdateCheck = 0800;
				LastUpgradeCheck = 0800;
				ORGANIZATIONNAME = "Tate Allen";
				TargetAttributes = {
					A434CA921DB7022D004633CA = {
						CreatedOnToolsVersion = 8.0;
						DevelopmentTeam = P4XMVS2BWG;
						LastSwiftMigration = 0800;
						ProvisioningStyle = Automatic;
					};
				};
			};
			buildConfigurationList = A434CA8E1DB7022D004633CA /* Build configuration list for PBXProject "HaxorNews" */;
			compatibilityVersion = "Xcode 3.2";
			developmentRegion = English;
			hasScannedForEncodings = 0;
			knownRegions = (
				en,
				Base,
			);
			mainGroup = A434CA8A1DB7022D004633CA;
			productRefGroup = A434CA941DB7022D004633CA /* Products */;
			projectDirPath = "";
			projectRoot = "";
			targets = (
				A434CA921DB7022D004633CA /* HaxorNews */,
			);
		};
/* End PBXProject section */

/* Begin PBXResourcesBuildPhase section */
		A434CA911DB7022D004633CA /* Resources */ = {
			isa = PBXResourcesBuildPhase;
			buildActionMask = 2147483647;
			files = (
				A434CAA41DB7022E004633CA /* LaunchScreen.storyboard in Resources */,
				A434CAA11DB7022E004633CA /* Assets.xcassets in Resources */,
				A434CA9C1DB7022E004633CA /* Main.storyboard in Resources */,
			);
			runOnlyForDeploymentPostprocessing = 0;
		};
/* End PBXResourcesBuildPhase section */

/* Begin PBXShellScriptBuildPhase section */
		5FAD4EC0D6D78B7604E08C15 /* [CP] Copy Pods Resources */ = {
			isa = PBXShellScriptBuildPhase;
			buildActionMask = 2147483647;
			files = (
			);
			inputPaths = (
			);
			name = "[CP] Copy Pods Resources";
			outputPaths = (
			);
			runOnlyForDeploymentPostprocessing = 0;
			shellPath = /bin/sh;
			shellScript = "\"${SRCROOT}/Pods/Target Support Files/Pods-HaxorNews/Pods-HaxorNews-resources.sh\"\n";
			showEnvVarsInLog = 0;
		};
		5FB573370EDA85B54F0C4107 /* [CP] Embed Pods Frameworks */ = {
			isa = PBXShellScriptBuildPhase;
			buildActionMask = 2147483647;
			files = (
			);
			inputPaths = (
			);
			name = "[CP] Embed Pods Frameworks";
			outputPaths = (
			);
			runOnlyForDeploymentPostprocessing = 0;
			shellPath = /bin/sh;
			shellScript = "\"${SRCROOT}/Pods/Target Support Files/Pods-HaxorNews/Pods-HaxorNews-frameworks.sh\"\n";
			showEnvVarsInLog = 0;
		};
		C63CBF9D7043901BF2A418E6 /* [CP] Check Pods Manifest.lock */ = {
			isa = PBXShellScriptBuildPhase;
			buildActionMask = 2147483647;
			files = (
			);
			inputPaths = (
			);
			name = "[CP] Check Pods Manifest.lock";
			outputPaths = (
			);
			runOnlyForDeploymentPostprocessing = 0;
			shellPath = /bin/sh;
			shellScript = "diff \"${PODS_ROOT}/../Podfile.lock\" \"${PODS_ROOT}/Manifest.lock\" > /dev/null\nif [[ $? != 0 ]] ; then\n    cat << EOM\nerror: The sandbox is not in sync with the Podfile.lock. Run 'pod install' or update your CocoaPods installation.\nEOM\n    exit 1\nfi\n";
			showEnvVarsInLog = 0;
		};
/* End PBXShellScriptBuildPhase section */

/* Begin PBXSourcesBuildPhase section */
		A434CA8F1DB7022D004633CA /* Sources */ = {
			isa = PBXSourcesBuildPhase;
			buildActionMask = 2147483647;
			files = (
				A434CACD1DB71E12004633CA /* MainTableViewController.swift in Sources */,
				A434CAD61DB72319004633CA /* HNDataLoader.swift in Sources */,
				A434CAD41DB72278004633CA /* ItemData.swift in Sources */,
				A434CA991DB7022D004633CA /* ViewController.swift in Sources */,
				A434CAD81DB753D9004633CA /* CommentsViewController.swift in Sources */,
				A434CADF1DB7FFEC004633CA /* Queue.swift in Sources */,
				A434CA971DB7022D004633CA /* AppDelegate.swift in Sources */,
				A434CA9F1DB7022E004633CA /* HaxorNews.xcdatamodeld in Sources */,
				A434CADD1DB7F15F004633CA /* CommentsTableViewCell.swift in Sources */,
				A404A1DF1DB86BC500D996B1 /* Extensions.swift in Sources */,
				A434CAD11DB71EA8004633CA /* MainTableViewCell.swift in Sources */,
			);
			runOnlyForDeploymentPostprocessing = 0;
		};
/* End PBXSourcesBuildPhase section */

/* Begin PBXVariantGroup section */
		A434CA9A1DB7022E004633CA /* Main.storyboard */ = {
			isa = PBXVariantGroup;
			children = (
				A434CA9B1DB7022E004633CA /* Base */,
			);
			name = Main.storyboard;
			sourceTree = "<group>";
		};
		A434CAA21DB7022E004633CA /* LaunchScreen.storyboard */ = {
			isa = PBXVariantGroup;
			children = (
				A434CAA31DB7022E004633CA /* Base */,
			);
			name = LaunchScreen.storyboard;
			sourceTree = "<group>";
		};
/* End PBXVariantGroup section */

/* Begin XCBuildConfiguration section */
		A434CAA61DB7022E004633CA /* Debug */ = {
			isa = XCBuildConfiguration;
			buildSettings = {
				ALWAYS_SEARCH_USER_PATHS = NO;
				CLANG_ANALYZER_NONNULL = YES;
				CLANG_CXX_LANGUAGE_STANDARD = "gnu++0x";
				CLANG_CXX_LIBRARY = "libc++";
				CLANG_ENABLE_MODULES = YES;
				CLANG_ENABLE_OBJC_ARC = YES;
				CLANG_WARN_BOOL_CONVERSION = YES;
				CLANG_WARN_CONSTANT_CONVERSION = YES;
				CLANG_WARN_DIRECT_OBJC_ISA_USAGE = YES_ERROR;
				CLANG_WARN_DOCUMENTATION_COMMENTS = YES;
				CLANG_WARN_EMPTY_BODY = YES;
				CLANG_WARN_ENUM_CONVERSION = YES;
				CLANG_WARN_INFINITE_RECURSION = YES;
				CLANG_WARN_INT_CONVERSION = YES;
				CLANG_WARN_OBJC_ROOT_CLASS = YES_ERROR;
				CLANG_WARN_SUSPICIOUS_MOVES = YES;
				CLANG_WARN_UNREACHABLE_CODE = YES;
				CLANG_WARN__DUPLICATE_METHOD_MATCH = YES;
				"CODE_SIGN_IDENTITY[sdk=iphoneos*]" = "iPhone Developer";
				COPY_PHASE_STRIP = NO;
				DEBUG_INFORMATION_FORMAT = dwarf;
				ENABLE_STRICT_OBJC_MSGSEND = YES;
				ENABLE_TESTABILITY = YES;
				GCC_C_LANGUAGE_STANDARD = gnu99;
				GCC_DYNAMIC_NO_PIC = NO;
				GCC_NO_COMMON_BLOCKS = YES;
				GCC_OPTIMIZATION_LEVEL = 0;
				GCC_PREPROCESSOR_DEFINITIONS = (
					"DEBUG=1",
					"$(inherited)",
				);
				GCC_WARN_64_TO_32_BIT_CONVERSION = YES;
				GCC_WARN_ABOUT_RETURN_TYPE = YES_ERROR;
				GCC_WARN_UNDECLARED_SELECTOR = YES;
				GCC_WARN_UNINITIALIZED_AUTOS = YES_AGGRESSIVE;
				GCC_WARN_UNUSED_FUNCTION = YES;
				GCC_WARN_UNUSED_VARIABLE = YES;
				IPHONEOS_DEPLOYMENT_TARGET = 10.0;
				MTL_ENABLE_DEBUG_INFO = YES;
				ONLY_ACTIVE_ARCH = YES;
				SDKROOT = iphoneos;
				SWIFT_ACTIVE_COMPILATION_CONDITIONS = DEBUG;
				SWIFT_OPTIMIZATION_LEVEL = "-Onone";
			};
			name = Debug;
		};
		A434CAA71DB7022E004633CA /* Release */ = {
			isa = XCBuildConfiguration;
			buildSettings = {
				ALWAYS_SEARCH_USER_PATHS = NO;
				CLANG_ANALYZER_NONNULL = YES;
				CLANG_CXX_LANGUAGE_STANDARD = "gnu++0x";
				CLANG_CXX_LIBRARY = "libc++";
				CLANG_ENABLE_MODULES = YES;
				CLANG_ENABLE_OBJC_ARC = YES;
				CLANG_WARN_BOOL_CONVERSION = YES;
				CLANG_WARN_CONSTANT_CONVERSION = YES;
				CLANG_WARN_DIRECT_OBJC_ISA_USAGE = YES_ERROR;
				CLANG_WARN_DOCUMENTATION_COMMENTS = YES;
				CLANG_WARN_EMPTY_BODY = YES;
				CLANG_WARN_ENUM_CONVERSION = YES;
				CLANG_WARN_INFINITE_RECURSION = YES;
				CLANG_WARN_INT_CONVERSION = YES;
				CLANG_WARN_OBJC_ROOT_CLASS = YES_ERROR;
				CLANG_WARN_SUSPICIOUS_MOVES = YES;
				CLANG_WARN_UNREACHABLE_CODE = YES;
				CLANG_WARN__DUPLICATE_METHOD_MATCH = YES;
				"CODE_SIGN_IDENTITY[sdk=iphoneos*]" = "iPhone Developer";
				COPY_PHASE_STRIP = NO;
				DEBUG_INFORMATION_FORMAT = "dwarf-with-dsym";
				ENABLE_NS_ASSERTIONS = NO;
				ENABLE_STRICT_OBJC_MSGSEND = YES;
				GCC_C_LANGUAGE_STANDARD = gnu99;
				GCC_NO_COMMON_BLOCKS = YES;
				GCC_WARN_64_TO_32_BIT_CONVERSION = YES;
				GCC_WARN_ABOUT_RETURN_TYPE = YES_ERROR;
				GCC_WARN_UNDECLARED_SELECTOR = YES;
				GCC_WARN_UNINITIALIZED_AUTOS = YES_AGGRESSIVE;
				GCC_WARN_UNUSED_FUNCTION = YES;
				GCC_WARN_UNUSED_VARIABLE = YES;
				IPHONEOS_DEPLOYMENT_TARGET = 10.0;
				MTL_ENABLE_DEBUG_INFO = NO;
				SDKROOT = iphoneos;
				SWIFT_OPTIMIZATION_LEVEL = "-Owholemodule";
				VALIDATE_PRODUCT = YES;
			};
			name = Release;
		};
		A434CAA91DB7022E004633CA /* Debug */ = {
			isa = XCBuildConfiguration;
			baseConfigurationReference = B2DE79F6FA067FEA339CAD46 /* Pods-HaxorNews.debug.xcconfig */;
			buildSettings = {
				ASSETCATALOG_COMPILER_APPICON_NAME = AppIcon;
				DEVELOPMENT_TEAM = P4XMVS2BWG;
				FRAMEWORK_SEARCH_PATHS = (
					"$(inherited)",
					"$(PROJECT_DIR)",
				);
				INFOPLIST_FILE = HaxorNews/Info.plist;
				LD_RUNPATH_SEARCH_PATHS = "$(inherited) @executable_path/Frameworks";
				OTHER_LDFLAGS = "$(inherited)";
				PRODUCT_BUNDLE_IDENTIFIER = com.tateallen.HaxorNews;
				PRODUCT_NAME = "$(TARGET_NAME)";
				SWIFT_VERSION = 3.0;
			};
			name = Debug;
		};
		A434CAAA1DB7022E004633CA /* Release */ = {
			isa = XCBuildConfiguration;
			baseConfigurationReference = D019921BFB3C98C163A2D05E /* Pods-HaxorNews.release.xcconfig */;
			buildSettings = {
				ASSETCATALOG_COMPILER_APPICON_NAME = AppIcon;
				DEVELOPMENT_TEAM = P4XMVS2BWG;
				FRAMEWORK_SEARCH_PATHS = (
					"$(inherited)",
					"$(PROJECT_DIR)",
				);
				INFOPLIST_FILE = HaxorNews/Info.plist;
				LD_RUNPATH_SEARCH_PATHS = "$(inherited) @executable_path/Frameworks";
				OTHER_LDFLAGS = "$(inherited)";
				PRODUCT_BUNDLE_IDENTIFIER = com.tateallen.HaxorNews;
				PRODUCT_NAME = "$(TARGET_NAME)";
				SWIFT_VERSION = 3.0;
			};
			name = Release;
		};
/* End XCBuildConfiguration section */

/* Begin XCConfigurationList section */
		A434CA8E1DB7022D004633CA /* Build configuration list for PBXProject "HaxorNews" */ = {
			isa = XCConfigurationList;
			buildConfigurations = (
				A434CAA61DB7022E004633CA /* Debug */,
				A434CAA71DB7022E004633CA /* Release */,
			);
			defaultConfigurationIsVisible = 0;
			defaultConfigurationName = Release;
		};
		A434CAA81DB7022E004633CA /* Build configuration list for PBXNativeTarget "HaxorNews" */ = {
			isa = XCConfigurationList;
			buildConfigurations = (
				A434CAA91DB7022E004633CA /* Debug */,
				A434CAAA1DB7022E004633CA /* Release */,
			);
			defaultConfigurationIsVisible = 0;
			defaultConfigurationName = Release;
		};
/* End XCConfigurationList section */

/* Begin XCVersionGroup section */
		A434CA9D1DB7022E004633CA /* HaxorNews.xcdatamodeld */ = {
			isa = XCVersionGroup;
			children = (
				A434CA9E1DB7022E004633CA /* HaxorNews.xcdatamodel */,
			);
			currentVersion = A434CA9E1DB7022E004633CA /* HaxorNews.xcdatamodel */;
			path = HaxorNews.xcdatamodeld;
			sourceTree = "<group>";
			versionGroupType = wrapper.xcdatamodel;
		};
/* End XCVersionGroup section */
	};
	rootObject = A434CA8B1DB7022D004633CA /* Project object */;
}
